
Microsoft Visual Studio Solution File, Format Version 12.00
# Visual Studio Version 17
VisualStudioVersion = 17.4.33110.190
MinimumVisualStudioVersion = 10.0.40219.1
Project("{FAE04EC0-301F-11D3-BF4B-00C04F79EFBC}") = "DeltaBot", "DeltaBot\DeltaBot.csproj", "{F5D718A2-F575-4FDF-BC38-9A73798868BF}"
EndProject
Global
	GlobalSection(SolutionConfigurationPlatforms) = preSolution
		Debug|Any CPU = Debug|Any CPU
		Release|Any CPU = Release|Any CPU
	EndGlobalSection
	GlobalSection(ProjectConfigurationPlatforms) = postSolution
		{F5D718A2-F575-4FDF-BC38-9A73798868BF}.Debug|Any CPU.ActiveCfg = Debug|Any CPU
		{F5D718A2-F575-4FDF-BC38-9A73798868BF}.Debug|Any CPU.Build.0 = Debug|Any CPU
		{F5D718A2-F575-4FDF-BC38-9A73798868BF}.Release|Any CPU.ActiveCfg = Release|Any CPU
		{F5D718A2-F575-4FDF-BC38-9A73798868BF}.Release|Any CPU.Build.0 = Release|Any CPU
	EndGlobalSection
	GlobalSection(SolutionProperties) = preSolution
		HideSolutionNode = FALSE
	EndGlobalSection
	GlobalSection(ExtensibilityGlobals) = postSolution
		SolutionGuid = {58ACEA9C-D02C-442F-8F31-7399AC2B18F3}
	EndGlobalSection
EndGlobal
